# THIS IS AN AUTOGENERATED FILE. DO NOT EDIT THIS FILE DIRECTLY.
# yarn lockfile v1


angular-librarian@^1.0.0-beta.14:
  version "1.0.0-beta.14"
  resolved "https://registry.yarnpkg.com/angular-librarian/-/angular-librarian-1.0.0-beta.14.tgz#72305a710698b4227c57605747ef97a6cf0f7c5b"
  dependencies:
    erector-set "1.0.0-beta.3"

erector-set@1.0.0-beta.3:
  version "1.0.0-beta.3"
  resolved "https://registry.yarnpkg.com/erector-set/-/erector-set-1.0.0-beta.3.tgz#1e530aabff0e0d3980ed963f74b8387f4f6b9ee6"
